// !$*UTF8*$!
{
	archiveVersion = 1;
	classes = {
	};
	objectVersion = 50;
	objects = {

/* Begin PBXBuildFile section */
		48D91F05236EC3AD0088FCE4 /* AppDelegate.swift in Sources */ = {isa = PBXBuildFile; fileRef = 48D91F04236EC3AD0088FCE4 /* AppDelegate.swift */; };
		48D91F07236EC3AD0088FCE4 /* SceneDelegate.swift in Sources */ = {isa = PBXBuildFile; fileRef = 48D91F06236EC3AD0088FCE4 /* SceneDelegate.swift */; };
		48D91F0A236EC3AD0088FCE4 /* LeftMenuSwiftUI.xcdatamodeld in Sources */ = {isa = PBXBuildFile; fileRef = 48D91F08236EC3AD0088FCE4 /* LeftMenuSwiftUI.xcdatamodeld */; };
		48D91F0C236EC3AD0088FCE4 /* ContentView.swift in Sources */ = {isa = PBXBuildFile; fileRef = 48D91F0B236EC3AD0088FCE4 /* ContentView.swift */; };
		48D91F0E236EC3B10088FCE4 /* Assets.xcassets in Resources */ = {isa = PBXBuildFile; fileRef = 48D91F0D236EC3B10088FCE4 /* Assets.xcassets */; };
		48D91F11236EC3B10088FCE4 /* Preview Assets.xcassets in Resources */ = {isa = PBXBuildFile; fileRef = 48D91F10236EC3B10088FCE4 /* Preview Assets.xcassets */; };
		48D91F14236EC3B10088FCE4 /* LaunchScreen.storyboard in Resources */ = {isa = PBXBuildFile; fileRef = 48D91F12236EC3B10088FCE4 /* LaunchScreen.storyboard */; };
		48D91F1C236EC5500088FCE4 /* LeftMenuView.swift in Sources */ = {isa = PBXBuildFile; fileRef = 48D91F1B236EC5500088FCE4 /* LeftMenuView.swift */; };
/* End PBXBuildFile section */

/* Begin PBXFileReference section */
		48D91F01236EC3AD0088FCE4 /* LeftMenuSwiftUI.app */ = {isa = PBXFileReference; explicitFileType = wrapper.application; includeInIndex = 0; path = LeftMenuSwiftUI.app; sourceTree = BUILT_PRODUCTS_DIR; };
		48D91F04236EC3AD0088FCE4 /* AppDelegate.swift */ = {isa = PBXFileReference; lastKnownFileType = sourcecode.swift; path = AppDelegate.swift; sourceTree = "<group>"; };
		48D91F06236EC3AD0088FCE4 /* SceneDelegate.swift */ = {isa = PBXFileReference; lastKnownFileType = sourcecode.swift; path = SceneDelegate.swift; sourceTree = "<group>"; };
		48D91F09236EC3AD0088FCE4 /* LeftMenuSwiftUI.xcdatamodel */ = {isa = PBXFileReference; lastKnownFileType = wrapper.xcdatamodel; path = LeftMenuSwiftUI.xcdatamodel; sourceTree = "<group>"; };
		48D91F0B236EC3AD0088FCE4 /* ContentView.swift */ = {isa = PBXFileReference; lastKnownFileType = sourcecode.swift; path = ContentView.swift; sourceTree = "<group>"; };
		48D91F0D236EC3B10088FCE4 /* Assets.xcassets */ = {isa = PBXFileReference; lastKnownFileType = folder.assetcatalog; path = Assets.xcassets; sourceTree = "<group>"; };
		48D91F10236EC3B10088FCE4 /* Preview Assets.xcassets */ = {isa = PBXFileReference; lastKnownFileType = folder.assetcatalog; path = "Preview Assets.xcassets"; sourceTree = "<group>"; };
		48D91F13236EC3B10088FCE4 /* Base */ = {isa = PBXFileReference; lastKnownFileType = file.storyboard; name = Base; path = Base.lproj/LaunchScreen.storyboard; sourceTree = "<group>"; };
		48D91F15236EC3B10088FCE4 /* Info.plist */ = {isa = PBXFileReference; lastKnownFileType = text.plist.xml; path = Info.plist; sourceTree = "<group>"; };
		48D91F1B236EC5500088FCE4 /* LeftMenuView.swift */ = {isa = PBXFileReference; lastKnownFileType = sourcecode.swift; path = LeftMenuView.swift; sourceTree = "<group>"; };
/* End PBXFileReference section */

/* Begin PBXFrameworksBuildPhase section */
		48D91EFE236EC3AD0088FCE4 /* Frameworks */ = {
			isa = PBXFrameworksBuildPhase;
			buildActionMask = 2147483647;
			files = (
			);
			runOnlyForDeploymentPostprocessing = 0;
		};
/* End PBXFrameworksBuildPhase section */

/* Begin PBXGroup section */
		48D91EF8236EC3AD0088FCE4 = {
			isa = PBXGroup;
			children = (
				48D91F03236EC3AD0088FCE4 /* LeftMenuSwiftUI */,
				48D91F02236EC3AD0088FCE4 /* Products */,
			);
			sourceTree = "<group>";
		};
		48D91F02236EC3AD0088FCE4 /* Products */ = {
			isa = PBXGroup;
			children = (
				48D91F01236EC3AD0088FCE4 /* LeftMenuSwiftUI.app */,
			);
			name = Products;
			sourceTree = "<group>";
		};
		48D91F03236EC3AD0088FCE4 /* LeftMenuSwiftUI */ = {
			isa = PBXGroup;
			children = (
				48D91F04236EC3AD0088FCE4 /* AppDelegate.swift */,
				48D91F06236EC3AD0088FCE4 /* SceneDelegate.swift */,
				48D91F0B236EC3AD0088FCE4 /* ContentView.swift */,
				48D91F0D236EC3B10088FCE4 /* Assets.xcassets */,
				48D91F12236EC3B10088FCE4 /* LaunchScreen.storyboard */,
				48D91F15236EC3B10088FCE4 /* Info.plist */,
				48D91F08236EC3AD0088FCE4 /* LeftMenuSwiftUI.xcdatamodeld */,
				48D91F0F236EC3B10088FCE4 /* Preview Content */,
				48D91F1B236EC5500088FCE4 /* LeftMenuView.swift */,
			);
			path = LeftMenuSwiftUI;
			sourceTree = "<group>";
		};
		48D91F0F236EC3B10088FCE4 /* Preview Content */ = {
			isa = PBXGroup;
			children = (
				48D91F10236EC3B10088FCE4 /* Preview Assets.xcassets */,
			);
			path = "Preview Content";
			sourceTree = "<group>";
		};
/* End PBXGroup section */

/* Begin PBXNativeTarget section */
		48D91F00236EC3AD0088FCE4 /* LeftMenuSwiftUI */ = {
			isa = PBXNativeTarget;
			buildConfigurationList = 48D91F18236EC3B10088FCE4 /* Build configuration list for PBXNativeTarget "LeftMenuSwiftUI" */;
			buildPhases = (
				48D91EFD236EC3AD0088FCE4 /* Sources */,
				48D91EFE236EC3AD0088FCE4 /* Frameworks */,
				48D91EFF236EC3AD0088FCE4 /* Resources */,
			);
			buildRules = (
			);
			dependencies = (
			);
			name = LeftMenuSwiftUI;
			productName = LeftMenuSwiftUI;
			productReference = 48D91F01236EC3AD0088FCE4 /* LeftMenuSwiftUI.app */;
			productType = "com.apple.product-type.application";
		};
/* End PBXNativeTarget section */

/* Begin PBXProject section */
		48D91EF9236EC3AD0088FCE4 /* Project object */ = {
			isa = PBXProject;
			attributes = {
				LastSwiftUpdateCheck = 1100;
				LastUpgradeCheck = 1100;
				ORGANIZATIONNAME = Ubrain;
				TargetAttributes = {
					48D91F00236EC3AD0088FCE4 = {
						CreatedOnToolsVersion = 11.0;
					};
				};
			};
			buildConfigurationList = 48D91EFC236EC3AD0088FCE4 /* Build configuration list for PBXProject "LeftMenuSwiftUI" */;
			compatibilityVersion = "Xcode 9.3";
			developmentRegion = en;
			hasScannedForEncodings = 0;
			knownRegions = (
				en,
				Base,
			);
			mainGroup = 48D91EF8236EC3AD0088FCE4;
			productRefGroup = 48D91F02236EC3AD0088FCE4 /* Products */;
			projectDirPath = "";
			projectRoot = "";
			targets = (
				48D91F00236EC3AD0088FCE4 /* LeftMenuSwiftUI */,
			);
		};
/* End PBXProject section */

/* Begin PBXResourcesBuildPhase section */
		48D91EFF236EC3AD0088FCE4 /* Resources */ = {
			isa = PBXResourcesBuildPhase;
			buildActionMask = 2147483647;
			files = (
				48D91F14236EC3B10088FCE4 /* LaunchScreen.storyboard in Resources */,
				48D91F11236EC3B10088FCE4 /* Preview Assets.xcassets in Resources */,
				48D91F0E236EC3B10088FCE4 /* Assets.xcassets in Resources */,
			);
			runOnlyForDeploymentPostprocessing = 0;
		};
/* End PBXResourcesBuildPhase section */

/* Begin PBXSourcesBuildPhase section */
		48D91EFD236EC3AD0088FCE4 /* Sources */ = {
			isa = PBXSourcesBuildPhase;
			buildActionMask = 2147483647;
			files = (
				48D91F05236EC3AD0088FCE4 /* AppDelegate.swift in Sources */,
				48D91F07236EC3AD0088FCE4 /* SceneDelegate.swift in Sources */,
				48D91F0C236EC3AD0088FCE4 /* ContentView.swift in Sources */,
				48D91F1C236EC5500088FCE4 /* LeftMenuView.swift in Sources */,
				48D91F0A236EC3AD0088FCE4 /* LeftMenuSwiftUI.xcdatamodeld in Sources */,
			);
			runOnlyForDeploymentPostprocessing = 0;
		};
/* End PBXSourcesBuildPhase section */

/* Begin PBXVariantGroup section */
		48D91F12236EC3B10088FCE4 /* LaunchScreen.storyboard */ = {
			isa = PBXVariantGroup;
			children = (
				48D91F13236EC3B10088FCE4 /* Base */,
			);
			name = LaunchScreen.storyboard;
			sourceTree = "<group>";
		};
/* End PBXVariantGroup section */

/* Begin XCBuildConfiguration section */
		48D91F16236EC3B10088FCE4 /* Debug */ = {
			isa = XCBuildConfiguration;
			buildSettings = {
				ALWAYS_SEARCH_USER_PATHS = NO;
				CLANG_ANALYZER_NONNULL = YES;
				CLANG_ANALYZER_NUMBER_OBJECT_CONVERSION = YES_AGGRESSIVE;
				CLANG_CXX_LANGUAGE_STANDARD = "gnu++14";
				CLANG_CXX_LIBRARY = "libc++";
				CLANG_ENABLE_MODULES = YES;
				CLANG_ENABLE_OBJC_ARC = YES;
				CLANG_ENABLE_OBJC_WEAK = YES;
				CLANG_WARN_BLOCK_CAPTURE_AUTORELEASING = YES;
				CLANG_WARN_BOOL_CONVERSION = YES;
				CLANG_WARN_COMMA = YES;
				CLANG_WARN_CONSTANT_CONVERSION = YES;
				CLANG_WARN_DEPRECATED_OBJC_IMPLEMENTATIONS = YES;
				CLANG_WARN_DIRECT_OBJC_ISA_USAGE = YES_ERROR;
				CLANG_WARN_DOCUMENTATION_COMMENTS = YES;
				CLANG_WARN_EMPTY_BODY = YES;
				CLANG_WARN_ENUM_CONVERSION = YES;
				CLANG_WARN_INFINITE_RECURSION = YES;
				CLANG_WARN_INT_CONVERSION = YES;
				CLANG_WARN_NON_LITERAL_NULL_CONVERSION = YES;
				CLANG_WARN_OBJC_IMPLICIT_RETAIN_SELF = YES;
				CLANG_WARN_OBJC_LITERAL_CONVERSION = YES;
				CLANG_WARN_OBJC_ROOT_CLASS = YES_ERROR;
				CLANG_WARN_RANGE_LOOP_ANALYSIS = YES;
				CLANG_WARN_STRICT_PROTOTYPES = YES;
				CLANG_WARN_SUSPICIOUS_MOVE = YES;
				CLANG_WARN_UNGUARDED_AVAILABILITY = YES_AGGRESSIVE;
				CLANG_WARN_UNREACHABLE_CODE = YES;
				CLANG_WARN__DUPLICATE_METHOD_MATCH = YES;
				COPY_PHASE_STRIP = NO;
				DEBUG_INFORMATION_FORMAT = dwarf;
				ENABLE_STRICT_OBJC_MSGSEND = YES;
				ENABLE_TESTABILITY = YES;
				GCC_C_LANGUAGE_STANDARD = gnu11;
				GCC_DYNAMIC_NO_PIC = NO;
				GCC_NO_COMMON_BLOCKS = YES;
				GCC_OPTIMIZATION_LEVEL = 0;
				GCC_PREPROCESSOR_DEFINITIONS = (
					"DEBUG=1",
					"$(inherited)",
				);
				GCC_WARN_64_TO_32_BIT_CONVERSION = YES;
				GCC_WARN_ABOUT_RETURN_TYPE = YES_ERROR;
				GCC_WARN_UNDECLARED_SELECTOR = YES;
				GCC_WARN_UNINITIALIZED_AUTOS = YES_AGGRESSIVE;
				GCC_WARN_UNUSED_FUNCTION = YES;
				GCC_WARN_UNUSED_VARIABLE = YES;
				IPHONEOS_DEPLOYMENT_TARGET = 13.0;
				MTL_ENABLE_DEBUG_INFO = INCLUDE_SOURCE;
				MTL_FAST_MATH = YES;
				ONLY_ACTIVE_ARCH = YES;
				SDKROOT = iphoneos;
				SWIFT_ACTIVE_COMPILATION_CONDITIONS = DEBUG;
				SWIFT_OPTIMIZATION_LEVEL = "-Onone";
			};
			name = Debug;
		};
		48D91F17236EC3B10088FCE4 /* Release */ = {
			isa = XCBuildConfiguration;
			buildSettings = {
				ALWAYS_SEARCH_USER_PATHS = NO;
				CLANG_ANALYZER_NONNULL = YES;
				CLANG_ANALYZER_NUMBER_OBJECT_CONVERSION = YES_AGGRESSIVE;
				CLANG_CXX_LANGUAGE_STANDARD = "gnu++14";
				CLANG_CXX_LIBRARY = "libc++";
				CLANG_ENABLE_MODULES = YES;
				CLANG_ENABLE_OBJC_ARC = YES;
				CLANG_ENABLE_OBJC_WEAK = YES;
				CLANG_WARN_BLOCK_CAPTURE_AUTORELEASING = YES;
				CLANG_WARN_BOOL_CONVERSION = YES;
				CLANG_WARN_COMMA = YES;
				CLANG_WARN_CONSTANT_CONVERSION = YES;
				CLANG_WARN_DEPRECATED_OBJC_IMPLEMENTATIONS = YES;
				CLANG_WARN_DIRECT_OBJC_ISA_USAGE = YES_ERROR;
				CLANG_WARN_DOCUMENTATION_COMMENTS = YES;
				CLANG_WARN_EMPTY_BODY = YES;
				CLANG_WARN_ENUM_CONVERSION = YES;
				CLANG_WARN_INFINITE_RECURSION = YES;
				CLANG_WARN_INT_CONVERSION = YES;
				CLANG_WARN_NON_LITERAL_NULL_CONVERSION = YES;
				CLANG_WARN_OBJC_IMPLICIT_RETAIN_SELF = YES;
				CLANG_WARN_OBJC_LITERAL_CONVERSION = YES;
				CLANG_WARN_OBJC_ROOT_CLASS = YES_ERROR;
				CLANG_WARN_RANGE_LOOP_ANALYSIS = YES;
				CLANG_WARN_STRICT_PROTOTYPES = YES;
				CLANG_WARN_SUSPICIOUS_MOVE = YES;
				CLANG_WARN_UNGUARDED_AVAILABILITY = YES_AGGRESSIVE;
				CLANG_WARN_UNREACHABLE_CODE = YES;
				CLANG_WARN__DUPLICATE_METHOD_MATCH = YES;
				COPY_PHASE_STRIP = NO;
				DEBUG_INFORMATION_FORMAT = "dwarf-with-dsym";
				ENABLE_NS_ASSERTIONS = NO;
				ENABLE_STRICT_OBJC_MSGSEND = YES;
				GCC_C_LANGUAGE_STANDARD = gnu11;
				GCC_NO_COMMON_BLOCKS = YES;
				GCC_WARN_64_TO_32_BIT_CONVERSION = YES;
				GCC_WARN_ABOUT_RETURN_TYPE = YES_ERROR;
				GCC_WARN_UNDECLARED_SELECTOR = YES;
				GCC_WARN_UNINITIALIZED_AUTOS = YES_AGGRESSIVE;
				GCC_WARN_UNUSED_FUNCTION = YES;
				GCC_WARN_UNUSED_VARIABLE = YES;
				IPHONEOS_DEPLOYMENT_TARGET = 13.0;
				MTL_ENABLE_DEBUG_INFO = NO;
				MTL_FAST_MATH = YES;
				SDKROOT = iphoneos;
				SWIFT_COMPILATION_MODE = wholemodule;
				SWIFT_OPTIMIZATION_LEVEL = "-O";
				VALIDATE_PRODUCT = YES;
			};
			name = Release;
		};
		48D91F19236EC3B10088FCE4 /* Debug */ = {
			isa = XCBuildConfiguration;
			buildSettings = {
				ASSETCATALOG_COMPILER_APPICON_NAME = AppIcon;
				CODE_SIGN_STYLE = Automatic;
				DEVELOPMENT_ASSET_PATHS = "\"LeftMenuSwiftUI/Preview Content\"";
				ENABLE_PREVIEWS = YES;
				INFOPLIST_FILE = LeftMenuSwiftUI/Info.plist;
				LD_RUNPATH_SEARCH_PATHS = (
					"$(inherited)",
					"@executable_path/Frameworks",
				);
				PRODUCT_BUNDLE_IDENTIFIER = Ubrain.LeftMenuSwiftUI;
				PRODUCT_NAME = "$(TARGET_NAME)";
				SWIFT_VERSION = 5.0;
				TARGETED_DEVICE_FAMILY = "1,2";
			};
			name = Debug;
		};
		48D91F1A236EC3B10088FCE4 /* Release */ = {
			isa = XCBuildConfiguration;
			buildSettings = {
				ASSETCATALOG_COMPILER_APPICON_NAME = AppIcon;
				CODE_SIGN_STYLE = Automatic;
				DEVELOPMENT_ASSET_PATHS = "\"LeftMenuSwiftUI/Preview Content\"";
				ENABLE_PREVIEWS = YES;
				INFOPLIST_FILE = LeftMenuSwiftUI/Info.plist;
				LD_RUNPATH_SEARCH_PATHS = (
					"$(inherited)",
					"@executable_path/Frameworks",
				);
				PRODUCT_BUNDLE_IDENTIFIER = Ubrain.LeftMenuSwiftUI;
				PRODUCT_NAME = "$(TARGET_NAME)";
				SWIFT_VERSION = 5.0;
				TARGETED_DEVICE_FAMILY = "1,2";
			};
			name = Release;
		};
/* End XCBuildConfiguration section */

/* Begin XCConfigurationList section */
		48D91EFC236EC3AD0088FCE4 /* Build configuration list for PBXProject "LeftMenuSwiftUI" */ = {
			isa = XCConfigurationList;
			buildConfigurations = (
				48D91F16236EC3B10088FCE4 /* Debug */,
				48D91F17236EC3B10088FCE4 /* Release */,
			);
			defaultConfigurationIsVisible = 0;
			defaultConfigurationName = Release;
		};
		48D91F18236EC3B10088FCE4 /* Build configuration list for PBXNativeTarget "LeftMenuSwiftUI" */ = {
			isa = XCConfigurationList;
			buildConfigurations = (
				48D91F19236EC3B10088FCE4 /* Debug */,
				48D91F1A236EC3B10088FCE4 /* Release */,
			);
			defaultConfigurationIsVisible = 0;
			defaultConfigurationName = Release;
		};
/* End XCConfigurationList section */

/* Begin XCVersionGroup section */
		48D91F08236EC3AD0088FCE4 /* LeftMenuSwiftUI.xcdatamodeld */ = {
			isa = XCVersionGroup;
			children = (
				48D91F09236EC3AD0088FCE4 /* LeftMenuSwiftUI.xcdatamodel */,
			);
			currentVersion = 48D91F09236EC3AD0088FCE4 /* LeftMenuSwiftUI.xcdatamodel */;
			path = LeftMenuSwiftUI.xcdatamodeld;
			sourceTree = "<group>";
			versionGroupType = wrapper.xcdatamodel;
		};
/* End XCVersionGroup section */
	};
	rootObject = 48D91EF9236EC3AD0088FCE4 /* Project object */;
}
